
Microsoft Visual Studio Solution File, Format Version 12.00
# Visual Studio Version 16
VisualStudioVersion = 16.0.30907.101
MinimumVisualStudioVersion = 10.0.40219.1
Project("{FAE04EC0-301F-11D3-BF4B-00C04F79EFBC}") = "Math", "Math.csproj", "{33C58AFE-E2D4-4978-BBEB-0ADA9EBADFD8}"
EndProject
Project("{2150E333-8FDC-42A3-9474-1A3956D46DE8}") = "Solution Items", "Solution Items", "{2CD205F6-D181-45A8-B92F-6A4F28FCC197}"
	ProjectSection(SolutionItems) = preProject
		..\Languages\English\Keyed\English.xml = ..\Languages\English\Keyed\English.xml
	EndProjectSection
EndProject
Global
	GlobalSection(SolutionConfigurationPlatforms) = preSolution
		1.3|Any CPU = 1.3|Any CPU
		1.4|Any CPU = 1.4|Any CPU
	EndGlobalSection
	GlobalSection(ProjectConfigurationPlatforms) = postSolution
		{33C58AFE-E2D4-4978-BBEB-0ADA9EBADFD8}.1.3|Any CPU.ActiveCfg = 1.3|Any CPU
		{33C58AFE-E2D4-4978-BBEB-0ADA9EBADFD8}.1.3|Any CPU.Build.0 = 1.3|Any CPU
		{33C58AFE-E2D4-4978-BBEB-0ADA9EBADFD8}.1.4|Any CPU.ActiveCfg = 1.4|Any CPU
		{33C58AFE-E2D4-4978-BBEB-0ADA9EBADFD8}.1.4|Any CPU.Build.0 = 1.4|Any CPU
	EndGlobalSection
	GlobalSection(SolutionProperties) = preSolution
		HideSolutionNode = FALSE
	EndGlobalSection
	GlobalSection(ExtensibilityGlobals) = postSolution
		SolutionGuid = {589F601C-7579-47F7-878A-F1E4C439D855}
	EndGlobalSection
EndGlobal
