
Microsoft Visual Studio Solution File, Format Version 12.00
# Visual Studio Version 16
VisualStudioVersion = 16.0.30907.101
MinimumVisualStudioVersion = 10.0.40219.1
Project("{FAE04EC0-301F-11D3-BF4B-00C04F79EFBC}") = "Math", "Math.csproj", "{33C58AFE-E2D4-4978-BBEB-0ADA9EBADFD8}"
EndProject
Global
	GlobalSection(SolutionConfigurationPlatforms) = preSolution
		Debug|Any CPU = Debug|Any CPU
		Release|Any CPU = Release|Any CPU
	EndGlobalSection
	GlobalSection(ProjectConfigurationPlatforms) = postSolution
		{33C58AFE-E2D4-4978-BBEB-0ADA9EBADFD8}.Debug|Any CPU.ActiveCfg = Debug|Any CPU
		{33C58AFE-E2D4-4978-BBEB-0ADA9EBADFD8}.Debug|Any CPU.Build.0 = Debug|Any CPU
		{33C58AFE-E2D4-4978-BBEB-0ADA9EBADFD8}.Release|Any CPU.ActiveCfg = Release|Any CPU
		{33C58AFE-E2D4-4978-BBEB-0ADA9EBADFD8}.Release|Any CPU.Build.0 = Release|Any CPU
	EndGlobalSection
	GlobalSection(SolutionProperties) = preSolution
		HideSolutionNode = FALSE
	EndGlobalSection
	GlobalSection(ExtensibilityGlobals) = postSolution
		SolutionGuid = {589F601C-7579-47F7-878A-F1E4C439D855}
	EndGlobalSection
EndGlobal
